
Microsoft Visual Studio Solution File, Format Version 12.00
# Visual Studio Version 17
VisualStudioVersion = 17.7.34031.279
MinimumVisualStudioVersion = 10.0.40219.1
Project("{FAE04EC0-301F-11D3-BF4B-00C04F79EFBC}") = "Multiple Choice Questions", "Multiple Choice Questions\Multiple Choice Questions.csproj", "{3C1D2374-EBCF-4010-959C-2857BA0D1576}"
EndProject
Global
	GlobalSection(SolutionConfigurationPlatforms) = preSolution
		Debug|Any CPU = Debug|Any CPU
		Release|Any CPU = Release|Any CPU
	EndGlobalSection
	GlobalSection(ProjectConfigurationPlatforms) = postSolution
		{3C1D2374-EBCF-4010-959C-2857BA0D1576}.Debug|Any CPU.ActiveCfg = Debug|Any CPU
		{3C1D2374-EBCF-4010-959C-2857BA0D1576}.Debug|Any CPU.Build.0 = Debug|Any CPU
		{3C1D2374-EBCF-4010-959C-2857BA0D1576}.Release|Any CPU.ActiveCfg = Release|Any CPU
		{3C1D2374-EBCF-4010-959C-2857BA0D1576}.Release|Any CPU.Build.0 = Release|Any CPU
	EndGlobalSection
	GlobalSection(SolutionProperties) = preSolution
		HideSolutionNode = FALSE
	EndGlobalSection
	GlobalSection(ExtensibilityGlobals) = postSolution
		SolutionGuid = {3DB98917-5B23-4FCB-B6F1-F479EC61C5DD}
	EndGlobalSection
EndGlobal
